
Microsoft Visual Studio Solution File, Format Version 12.00
# Visual Studio Version 16
VisualStudioVersion = 16.0.31205.134
MinimumVisualStudioVersion = 10.0.40219.1
Project("{F184B08F-C81C-45F6-A57F-5ABD9991F28F}") = "Phpminiserver", "MiniWebServer\Phpminiserver.vbproj", "{1273C558-FED9-4C87-B0E4-825A1A4C2488}"
EndProject
Global
	GlobalSection(SolutionConfigurationPlatforms) = preSolution
		Debug|Any CPU = Debug|Any CPU
		Release|Any CPU = Release|Any CPU
	EndGlobalSection
	GlobalSection(ProjectConfigurationPlatforms) = postSolution
		{1273C558-FED9-4C87-B0E4-825A1A4C2488}.Debug|Any CPU.ActiveCfg = Debug|Any CPU
		{1273C558-FED9-4C87-B0E4-825A1A4C2488}.Debug|Any CPU.Build.0 = Debug|Any CPU
		{1273C558-FED9-4C87-B0E4-825A1A4C2488}.Release|Any CPU.ActiveCfg = Release|Any CPU
		{1273C558-FED9-4C87-B0E4-825A1A4C2488}.Release|Any CPU.Build.0 = Release|Any CPU
	EndGlobalSection
	GlobalSection(SolutionProperties) = preSolution
		HideSolutionNode = FALSE
	EndGlobalSection
	GlobalSection(ExtensibilityGlobals) = postSolution
		SolutionGuid = {C8C1B275-DECE-49E1-96BC-87CF6EC9CCCD}
	EndGlobalSection
EndGlobal
